
Microsoft Visual Studio Solution File, Format Version 12.00
# Visual Studio Version 17
VisualStudioVersion = 17.14.36930.0 d17.14
MinimumVisualStudioVersion = 10.0.40219.1
Project("{FAE04EC0-301F-11D3-BF4B-00C04F79EFBC}") = "XAMLPad.Browser", "XAMLPad\XAMLPad.Browser\XAMLPad.Browser.csproj", "{F3F72CAA-F49C-405E-93EB-4B352238E93D}"
EndProject
Project("{FAE04EC0-301F-11D3-BF4B-00C04F79EFBC}") = "XAMLPad", "XAMLPad\XAMLPad\XAMLPad.csproj", "{C9F919F9-F563-41EB-8A03-8217E7D8BE1F}"
EndProject
Project("{FAE04EC0-301F-11D3-BF4B-00C04F79EFBC}") = "XAMLPad.Simulator", "XAMLPad\XAMLPad.Simulator\XAMLPad.Simulator.csproj", "{02DEA618-D97D-461A-99FA-045C3212A2BA}"
EndProject
Global
	GlobalSection(SolutionConfigurationPlatforms) = preSolution
		Debug|Any CPU = Debug|Any CPU
		Release|Any CPU = Release|Any CPU
	EndGlobalSection
	GlobalSection(ProjectConfigurationPlatforms) = postSolution
		{F3F72CAA-F49C-405E-93EB-4B352238E93D}.Debug|Any CPU.ActiveCfg = Debug|Any CPU
		{F3F72CAA-F49C-405E-93EB-4B352238E93D}.Debug|Any CPU.Build.0 = Debug|Any CPU
		{F3F72CAA-F49C-405E-93EB-4B352238E93D}.Release|Any CPU.ActiveCfg = Release|Any CPU
		{F3F72CAA-F49C-405E-93EB-4B352238E93D}.Release|Any CPU.Build.0 = Release|Any CPU
		{C9F919F9-F563-41EB-8A03-8217E7D8BE1F}.Debug|Any CPU.ActiveCfg = Debug|Any CPU
		{C9F919F9-F563-41EB-8A03-8217E7D8BE1F}.Debug|Any CPU.Build.0 = Debug|Any CPU
		{C9F919F9-F563-41EB-8A03-8217E7D8BE1F}.Release|Any CPU.ActiveCfg = Release|Any CPU
		{C9F919F9-F563-41EB-8A03-8217E7D8BE1F}.Release|Any CPU.Build.0 = Release|Any CPU
		{02DEA618-D97D-461A-99FA-045C3212A2BA}.Debug|Any CPU.ActiveCfg = Debug|Any CPU
		{02DEA618-D97D-461A-99FA-045C3212A2BA}.Debug|Any CPU.Build.0 = Debug|Any CPU
		{02DEA618-D97D-461A-99FA-045C3212A2BA}.Release|Any CPU.ActiveCfg = Release|Any CPU
		{02DEA618-D97D-461A-99FA-045C3212A2BA}.Release|Any CPU.Build.0 = Release|Any CPU
	EndGlobalSection
	GlobalSection(SolutionProperties) = preSolution
		HideSolutionNode = FALSE
	EndGlobalSection
	GlobalSection(ExtensibilityGlobals) = postSolution
		SolutionGuid = {A4482764-CA68-4C5C-BF48-F9F72B6C2E7A}
	EndGlobalSection
EndGlobal
